
Microsoft Visual Studio Solution File, Format Version 12.00
# Visual Studio Version 17
VisualStudioVersion = 17.14.36127.28 d17.14
MinimumVisualStudioVersion = 10.0.40219.1
Project("{FAE04EC0-301F-11D3-BF4B-00C04F79EFBC}") = "ExploreRio.Api", "ExploreRio.Api\ExploreRio.Api.csproj", "{A879F8E7-FAD0-49F2-8DD0-369EEE3307DE}"
EndProject
Global
	GlobalSection(SolutionConfigurationPlatforms) = preSolution
		Debug|Any CPU = Debug|Any CPU
		Release|Any CPU = Release|Any CPU
	EndGlobalSection
	GlobalSection(ProjectConfigurationPlatforms) = postSolution
		{A879F8E7-FAD0-49F2-8DD0-369EEE3307DE}.Debug|Any CPU.ActiveCfg = Debug|Any CPU
		{A879F8E7-FAD0-49F2-8DD0-369EEE3307DE}.Debug|Any CPU.Build.0 = Debug|Any CPU
		{A879F8E7-FAD0-49F2-8DD0-369EEE3307DE}.Release|Any CPU.ActiveCfg = Release|Any CPU
		{A879F8E7-FAD0-49F2-8DD0-369EEE3307DE}.Release|Any CPU.Build.0 = Release|Any CPU
	EndGlobalSection
	GlobalSection(SolutionProperties) = preSolution
		HideSolutionNode = FALSE
	EndGlobalSection
	GlobalSection(ExtensibilityGlobals) = postSolution
		SolutionGuid = {DB4EF648-92E0-4275-9C1D-83BF09F84DA8}
	EndGlobalSection
EndGlobal
